
Microsoft Visual Studio Solution File, Format Version 12.00
# Visual Studio 15
VisualStudioVersion = 15.0.26430.14
MinimumVisualStudioVersion = 10.0.40219.1
Project("{2150E333-8FDC-42A3-9474-1A3956D46DE8}") = "Solution Items", "Solution Items", "{A848BD8B-20F0-4207-9B9C-C95A067FEA24}"
	ProjectSection(SolutionItems) = preProject
		..\..\SmartThingsKSchepperly\smartapps\kschepperly\generic-video-camera-connect.src\generic-video-camera-connect.groovy = ..\..\SmartThingsKSchepperly\smartapps\kschepperly\generic-video-camera-connect.src\generic-video-camera-connect.groovy
	EndProjectSection
EndProject
Global
	GlobalSection(SolutionProperties) = preSolution
		HideSolutionNode = FALSE
	EndGlobalSection
EndGlobal
